<?xml version="1.0" encoding="utf-8"?>
<Project ToolsVersion="4.0" xmlns="http://schemas.microsoft.com/developer/msbuild/2003">
  <ItemGroup>
    <Filter Include="Resource Files">
      <UniqueIdentifier>{67DA6AB6-F800-4c08-8B7A-83BB121AAD01}</UniqueIdentifier>
      <Extensions>rc;ico;cur;bmp;dlg;rc2;rct;bin;rgs;gif;jpg;jpeg;jpe;resx;tiff;tif;png;wav;mfcribbon-ms</Extensions>
    </Filter>
    <Filter Include="NeuralNetwork">
      <UniqueIdentifier>{e3dbf03a-0073-4fe8-9a39-4473ea59820c}</UniqueIdentifier>
    </Filter>
    <Filter Include="FileIO">
      <UniqueIdentifier>{089164b0-4af6-4f39-b0ae-f701f609c0e1}</UniqueIdentifier>
    </Filter>
    <Filter Include="Project">
      <UniqueIdentifier>{5ba63ffb-acef-472e-9cc0-22ecf88f2658}</UniqueIdentifier>
    </Filter>
    <Filter Include="Game">
      <UniqueIdentifier>{c563f9f5-ac9c-468a-ad06-a0dbfbf5e4cc}</UniqueIdentifier>
    </Filter>
    <Filter Include="General">
      <UniqueIdentifier>{0198412d-35f1-437b-b1da-ba1642aedd1d}</UniqueIdentifier>
    </Filter>
    <Filter Include="Training">
      <UniqueIdentifier>{3410970b-737f-4be5-8bed-4a6773273a4d}</UniqueIdentifier>
    </Filter>
    <Filter Include="Math">
      <UniqueIdentifier>{68575d13-7434-456e-a894-3a453c8b56e1}</UniqueIdentifier>
    </Filter>
  </ItemGroup>
  <ItemGroup>
    <ClCompile Include="source\nnTicTacToe.cpp">
      <Filter>Project</Filter>
    </ClCompile>
    <ClCompile Include="source\stdafx.cpp">
      <Filter>Project</Filter>
    </ClCompile>
    <ClCompile Include="source\NeuralNetwork\Node.cpp">
      <Filter>NeuralNetwork</Filter>
    </ClCompile>
    <ClCompile Include="source\NeuralNetwork\NodeNetwork.cpp">
      <Filter>NeuralNetwork</Filter>
    </ClCompile>
    <ClCompile Include="source\NeuralNetwork\ParameterManager.cpp">
      <Filter>NeuralNetwork</Filter>
    </ClCompile>
    <ClCompile Include="source\FileIO\FileManager.cpp">
      <Filter>FileIO</Filter>
    </ClCompile>
    <ClCompile Include="source\Game\GameLogic.cpp">
      <Filter>Game</Filter>
    </ClCompile>
    <ClCompile Include="source\Game\Player.cpp">
      <Filter>Game</Filter>
    </ClCompile>
    <ClCompile Include="source\Training\BaseTrainer.cpp">
      <Filter>Training</Filter>
    </ClCompile>
    <ClCompile Include="source\Training\TicTacToeTrainer.cpp">
      <Filter>Training</Filter>
    </ClCompile>
    <ClCompile Include="source\Math\ActivationFunctions.cpp">
      <Filter>Math</Filter>
    </ClCompile>
    <ClCompile Include="source\Training\TrainingMethodHandler.cpp">
      <Filter>Training</Filter>
    </ClCompile>
  </ItemGroup>
  <ItemGroup>
    <ClInclude Include="source\stdafx.h">
      <Filter>Project</Filter>
    </ClInclude>
    <ClInclude Include="source\targetver.h">
      <Filter>Project</Filter>
    </ClInclude>
    <ClInclude Include="source\NeuralNetwork\Node.h">
      <Filter>NeuralNetwork</Filter>
    </ClInclude>
    <ClInclude Include="source\NeuralNetwork\NodeNetwork.h">
      <Filter>NeuralNetwork</Filter>
    </ClInclude>
    <ClInclude Include="source\NeuralNetwork\ParameterManager.h">
      <Filter>NeuralNetwork</Filter>
    </ClInclude>
    <ClInclude Include="source\FileIO\FileManager.h">
      <Filter>FileIO</Filter>
    </ClInclude>
    <ClInclude Include="source\Game\GameLogic.h">
      <Filter>Game</Filter>
    </ClInclude>
    <ClInclude Include="source\General\Globals.h">
      <Filter>General</Filter>
    </ClInclude>
    <ClInclude Include="source\Game\Player.h">
      <Filter>Game</Filter>
    </ClInclude>
    <ClInclude Include="source\Training\BaseTrainer.h">
      <Filter>Training</Filter>
    </ClInclude>
    <ClInclude Include="source\Training\TicTacToeTrainer.h">
      <Filter>Training</Filter>
    </ClInclude>
    <ClInclude Include="source\Math\ActivationFunctions.h">
      <Filter>Math</Filter>
    </ClInclude>
    <ClInclude Include="source\Training\TrainingMethodHandler.h">
      <Filter>Training</Filter>
    </ClInclude>
  </ItemGroup>
</Project>