<?xml version="1.0" encoding="utf-8"?>
<Project ToolsVersion="4.0" xmlns="http://schemas.microsoft.com/developer/msbuild/2003">
  <ItemGroup>
    <Filter Include="Source Files">
      <UniqueIdentifier>{4FC737F1-C7A5-4376-A066-2A32D752A2FF}</UniqueIdentifier>
      <Extensions>cpp;c;cc;cxx;def;odl;idl;hpj;bat;asm;asmx</Extensions>
    </Filter>
    <Filter Include="Header Files">
      <UniqueIdentifier>{93995380-89BD-4b04-88EB-625FBE52EBFB}</UniqueIdentifier>
      <Extensions>h;hh;hpp;hxx;hm;inl;inc;xsd</Extensions>
    </Filter>
    <Filter Include="Resource Files">
      <UniqueIdentifier>{67DA6AB6-F800-4c08-8B7A-83BB121AAD01}</UniqueIdentifier>
      <Extensions>rc;ico;cur;bmp;dlg;rc2;rct;bin;rgs;gif;jpg;jpeg;jpe;resx;tiff;tif;png;wav;mfcribbon-ms</Extensions>
    </Filter>
    <Filter Include="Resource Files\NodeNetwork">
      <UniqueIdentifier>{427af9ea-6caa-44cb-8f76-c5e68c1468c9}</UniqueIdentifier>
    </Filter>
    <Filter Include="Tests">
      <UniqueIdentifier>{f2d8ffe9-24f2-4d86-90f8-f924bd09c951}</UniqueIdentifier>
    </Filter>
    <Filter Include="Resource Files\Game">
      <UniqueIdentifier>{2f449e04-6638-4e74-a255-cb4948cac57a}</UniqueIdentifier>
    </Filter>
    <Filter Include="Resource Files\FileIO">
      <UniqueIdentifier>{bfd1f4c8-fe01-46b3-8031-b618a3603c8b}</UniqueIdentifier>
    </Filter>
  </ItemGroup>
  <ItemGroup>
    <ClCompile Include="..\nnTicTacToe\source\NeuralNetwork\Node.cpp">
      <Filter>Resource Files\NodeNetwork</Filter>
    </ClCompile>
    <ClCompile Include="..\nnTicTacToe\source\NeuralNetwork\NodeNetwork.cpp">
      <Filter>Resource Files\NodeNetwork</Filter>
    </ClCompile>
    <ClCompile Include="source\Tests\Test.Node.cpp">
      <Filter>Tests</Filter>
    </ClCompile>
    <ClCompile Include="source\Tests\Test.NodeNetwork.cpp">
      <Filter>Tests</Filter>
    </ClCompile>
    <ClCompile Include="source\stdafx.cpp">
      <Filter>Source Files</Filter>
    </ClCompile>
    <ClCompile Include="Test.GameLogic.cpp">
      <Filter>Tests</Filter>
    </ClCompile>
    <ClCompile Include="..\nnTicTacToe\source\Game\GameLogic.cpp">
      <Filter>Resource Files\Game</Filter>
    </ClCompile>
    <ClCompile Include="Test.ParameterManager.cpp">
      <Filter>Tests</Filter>
    </ClCompile>
    <ClCompile Include="..\nnTicTacToe\source\NeuralNetwork\ParameterManager.cpp">
      <Filter>Resource Files\NodeNetwork</Filter>
    </ClCompile>
    <ClCompile Include="..\nnTicTacToe\source\FileIO\FileManager.cpp">
      <Filter>Resource Files\FileIO</Filter>
    </ClCompile>
    <ClCompile Include="..\nnTicTacToe\source\Game\Player.cpp">
      <Filter>Resource Files\Game</Filter>
    </ClCompile>
    <ClCompile Include="Test.Player.cpp">
      <Filter>Tests</Filter>
    </ClCompile>
  </ItemGroup>
  <ItemGroup>
    <ClInclude Include="..\nnTicTacToe\source\NeuralNetwork\Node.h">
      <Filter>Resource Files\NodeNetwork</Filter>
    </ClInclude>
    <ClInclude Include="..\nnTicTacToe\source\NeuralNetwork\NodeNetwork.h">
      <Filter>Resource Files\NodeNetwork</Filter>
    </ClInclude>
    <ClInclude Include="source\stdafx.h">
      <Filter>Header Files</Filter>
    </ClInclude>
    <ClInclude Include="source\targetver.h">
      <Filter>Header Files</Filter>
    </ClInclude>
    <ClInclude Include="..\nnTicTacToe\source\Game\GameLogic.h">
      <Filter>Resource Files\Game</Filter>
    </ClInclude>
    <ClInclude Include="..\nnTicTacToe\source\NeuralNetwork\ParameterManager.h">
      <Filter>Resource Files\NodeNetwork</Filter>
    </ClInclude>
    <ClInclude Include="..\nnTicTacToe\source\FileIO\FileManager.h">
      <Filter>Resource Files\FileIO</Filter>
    </ClInclude>
    <ClInclude Include="..\nnTicTacToe\source\Game\Player.h">
      <Filter>Resource Files\Game</Filter>
    </ClInclude>
  </ItemGroup>
</Project>